
Microsoft Visual Studio Solution File, Format Version 12.00
# Visual Studio Version 17
VisualStudioVersion = 17.0.32112.339
MinimumVisualStudioVersion = 10.0.40219.1
Project("{8BC9CEB8-8B4A-11D0-8D11-00A0C91BC942}") = "Reminder_C", "GustaveEiffel_2021_22\GustaveEiffel_2021_22.vcxproj", "{88B4C750-01BF-457F-B8AE-F25DE0C280BA}"
EndProject
Project("{8BC9CEB8-8B4A-11D0-8D11-00A0C91BC942}") = "MonteCarloProject", "MonteCarloProject\MonteCarloProject.vcxproj", "{F5085970-A3C2-4E1B-9CB3-ECC8277C48EC}"
EndProject
Project("{8BC9CEB8-8B4A-11D0-8D11-00A0C91BC942}") = "ImpliedVolatilityToLocalVolatility", "ImpliedVolatilityToLocalVolatility\ImpliedVolatilityToLocalVolatility.vcxproj", "{4708FA02-070C-44B6-BBA2-0F30BC0BD94F}"
EndProject
Project("{E24C65DC-7377-472B-9ABA-BC803B73C61A}") = "WebSite1", "http://localhost:8080", "{86B0C906-8BAA-4612-99FD-3E3AE3071280}"
	ProjectSection(WebsiteProperties) = preProject
		UseIISExpress = "true"
		TargetFrameworkMoniker = ".NETFramework,Version%3Dv4.0"
		Debug.AspNetCompiler.VirtualPath = "/localhost_8080"
		Debug.AspNetCompiler.PhysicalPath = "..\..\Documents\My Web Sites\WebSite1\"
		Debug.AspNetCompiler.TargetPath = "PrecompiledWeb\localhost_8080\"
		Debug.AspNetCompiler.Updateable = "true"
		Debug.AspNetCompiler.ForceOverwrite = "true"
		Debug.AspNetCompiler.FixedNames = "false"
		Debug.AspNetCompiler.Debug = "True"
		Release.AspNetCompiler.VirtualPath = "/localhost_8080"
		Release.AspNetCompiler.PhysicalPath = "..\..\Documents\My Web Sites\WebSite1\"
		Release.AspNetCompiler.TargetPath = "PrecompiledWeb\localhost_8080\"
		Release.AspNetCompiler.Updateable = "true"
		Release.AspNetCompiler.ForceOverwrite = "true"
		Release.AspNetCompiler.FixedNames = "false"
		Release.AspNetCompiler.Debug = "False"
		SlnRelativePath = "..\..\Documents\My Web Sites\WebSite1\"
	EndProjectSection
EndProject
Global
	GlobalSection(SolutionConfigurationPlatforms) = preSolution
		Debug|Any CPU = Debug|Any CPU
		Debug|x64 = Debug|x64
		Debug|x86 = Debug|x86
		Release|Any CPU = Release|Any CPU
		Release|x64 = Release|x64
		Release|x86 = Release|x86
	EndGlobalSection
	GlobalSection(ProjectConfigurationPlatforms) = postSolution
		{88B4C750-01BF-457F-B8AE-F25DE0C280BA}.Debug|Any CPU.ActiveCfg = Debug|x64
		{88B4C750-01BF-457F-B8AE-F25DE0C280BA}.Debug|Any CPU.Build.0 = Debug|x64
		{88B4C750-01BF-457F-B8AE-F25DE0C280BA}.Debug|x64.ActiveCfg = Debug|x64
		{88B4C750-01BF-457F-B8AE-F25DE0C280BA}.Debug|x64.Build.0 = Debug|x64
		{88B4C750-01BF-457F-B8AE-F25DE0C280BA}.Debug|x86.ActiveCfg = Debug|Win32
		{88B4C750-01BF-457F-B8AE-F25DE0C280BA}.Debug|x86.Build.0 = Debug|Win32
		{88B4C750-01BF-457F-B8AE-F25DE0C280BA}.Release|Any CPU.ActiveCfg = Release|x64
		{88B4C750-01BF-457F-B8AE-F25DE0C280BA}.Release|Any CPU.Build.0 = Release|x64
		{88B4C750-01BF-457F-B8AE-F25DE0C280BA}.Release|x64.ActiveCfg = Release|x64
		{88B4C750-01BF-457F-B8AE-F25DE0C280BA}.Release|x64.Build.0 = Release|x64
		{88B4C750-01BF-457F-B8AE-F25DE0C280BA}.Release|x86.ActiveCfg = Release|Win32
		{88B4C750-01BF-457F-B8AE-F25DE0C280BA}.Release|x86.Build.0 = Release|Win32
		{F5085970-A3C2-4E1B-9CB3-ECC8277C48EC}.Debug|Any CPU.ActiveCfg = Debug|x64
		{F5085970-A3C2-4E1B-9CB3-ECC8277C48EC}.Debug|Any CPU.Build.0 = Debug|x64
		{F5085970-A3C2-4E1B-9CB3-ECC8277C48EC}.Debug|x64.ActiveCfg = Debug|x64
		{F5085970-A3C2-4E1B-9CB3-ECC8277C48EC}.Debug|x64.Build.0 = Debug|x64
		{F5085970-A3C2-4E1B-9CB3-ECC8277C48EC}.Debug|x86.ActiveCfg = Debug|Win32
		{F5085970-A3C2-4E1B-9CB3-ECC8277C48EC}.Debug|x86.Build.0 = Debug|Win32
		{F5085970-A3C2-4E1B-9CB3-ECC8277C48EC}.Release|Any CPU.ActiveCfg = Release|x64
		{F5085970-A3C2-4E1B-9CB3-ECC8277C48EC}.Release|Any CPU.Build.0 = Release|x64
		{F5085970-A3C2-4E1B-9CB3-ECC8277C48EC}.Release|x64.ActiveCfg = Release|x64
		{F5085970-A3C2-4E1B-9CB3-ECC8277C48EC}.Release|x64.Build.0 = Release|x64
		{F5085970-A3C2-4E1B-9CB3-ECC8277C48EC}.Release|x86.ActiveCfg = Release|Win32
		{F5085970-A3C2-4E1B-9CB3-ECC8277C48EC}.Release|x86.Build.0 = Release|Win32
		{4708FA02-070C-44B6-BBA2-0F30BC0BD94F}.Debug|Any CPU.ActiveCfg = Debug|x64
		{4708FA02-070C-44B6-BBA2-0F30BC0BD94F}.Debug|Any CPU.Build.0 = Debug|x64
		{4708FA02-070C-44B6-BBA2-0F30BC0BD94F}.Debug|x64.ActiveCfg = Debug|x64
		{4708FA02-070C-44B6-BBA2-0F30BC0BD94F}.Debug|x64.Build.0 = Debug|x64
		{4708FA02-070C-44B6-BBA2-0F30BC0BD94F}.Debug|x86.ActiveCfg = Debug|Win32
		{4708FA02-070C-44B6-BBA2-0F30BC0BD94F}.Debug|x86.Build.0 = Debug|Win32
		{4708FA02-070C-44B6-BBA2-0F30BC0BD94F}.Release|Any CPU.ActiveCfg = Release|x64
		{4708FA02-070C-44B6-BBA2-0F30BC0BD94F}.Release|Any CPU.Build.0 = Release|x64
		{4708FA02-070C-44B6-BBA2-0F30BC0BD94F}.Release|x64.ActiveCfg = Release|x64
		{4708FA02-070C-44B6-BBA2-0F30BC0BD94F}.Release|x64.Build.0 = Release|x64
		{4708FA02-070C-44B6-BBA2-0F30BC0BD94F}.Release|x86.ActiveCfg = Release|Win32
		{4708FA02-070C-44B6-BBA2-0F30BC0BD94F}.Release|x86.Build.0 = Release|Win32
		{86B0C906-8BAA-4612-99FD-3E3AE3071280}.Debug|Any CPU.ActiveCfg = Debug|Any CPU
		{86B0C906-8BAA-4612-99FD-3E3AE3071280}.Debug|Any CPU.Build.0 = Debug|Any CPU
		{86B0C906-8BAA-4612-99FD-3E3AE3071280}.Debug|x64.ActiveCfg = Debug|Any CPU
		{86B0C906-8BAA-4612-99FD-3E3AE3071280}.Debug|x64.Build.0 = Debug|Any CPU
		{86B0C906-8BAA-4612-99FD-3E3AE3071280}.Debug|x86.ActiveCfg = Debug|Any CPU
		{86B0C906-8BAA-4612-99FD-3E3AE3071280}.Debug|x86.Build.0 = Debug|Any CPU
		{86B0C906-8BAA-4612-99FD-3E3AE3071280}.Release|Any CPU.ActiveCfg = Debug|Any CPU
		{86B0C906-8BAA-4612-99FD-3E3AE3071280}.Release|Any CPU.Build.0 = Debug|Any CPU
		{86B0C906-8BAA-4612-99FD-3E3AE3071280}.Release|x64.ActiveCfg = Debug|Any CPU
		{86B0C906-8BAA-4612-99FD-3E3AE3071280}.Release|x64.Build.0 = Debug|Any CPU
		{86B0C906-8BAA-4612-99FD-3E3AE3071280}.Release|x86.ActiveCfg = Debug|Any CPU
		{86B0C906-8BAA-4612-99FD-3E3AE3071280}.Release|x86.Build.0 = Debug|Any CPU
	EndGlobalSection
	GlobalSection(SolutionProperties) = preSolution
		HideSolutionNode = FALSE
	EndGlobalSection
	GlobalSection(ExtensibilityGlobals) = postSolution
		SolutionGuid = {BA37E4ED-462E-4FBE-BCB8-B18701D17999}
	EndGlobalSection
EndGlobal
